# This file is generated by running "yarn install" inside your project.
# Manual changes might be lost - proceed with caution!

__metadata:
  version: 8
  cacheKey: 10c0

"@rescript/darwin-arm64@npm:12.2.0":
  version: 12.2.0
  resolution: "@rescript/darwin-arm64@npm:12.2.0"
  conditions: os=darwin & cpu=arm64
  languageName: node
  linkType: hard

"@rescript/darwin-x64@npm:12.2.0":
  version: 12.2.0
  resolution: "@rescript/darwin-x64@npm:12.2.0"
  conditions: os=darwin & cpu=x64
  languageName: node
  linkType: hard

"@rescript/linux-arm64@npm:12.2.0":
  version: 12.2.0
  resolution: "@rescript/linux-arm64@npm:12.2.0"
  conditions: os=linux & cpu=arm64
  languageName: node
  linkType: hard

"@rescript/linux-x64@npm:12.2.0":
  version: 12.2.0
  resolution: "@rescript/linux-x64@npm:12.2.0"
  conditions: os=linux & cpu=x64
  languageName: node
  linkType: hard

"@rescript/runtime@npm:12.2.0":
  version: 12.2.0
  resolution: "@rescript/runtime@npm:12.2.0"
  checksum: 10c0/59c0194ae52fbbaadc736bbf1cfac1ed6ffde92b2346e36b9f1a29bb136e38b7ef203c780647203912fa657d293eab5c4e208f04dd65ed4bf47d53843980f7e1
  languageName: node
  linkType: hard

"@rescript/win32-x64@npm:12.2.0":
  version: 12.2.0
  resolution: "@rescript/win32-x64@npm:12.2.0"
  conditions: os=win32 & cpu=x64
  languageName: node
  linkType: hard

"app@workspace:app":
  version: 0.0.0-use.local
  resolution: "app@workspace:app"
  dependencies:
    rescript: "npm:12.2.0"
  languageName: unknown
  linkType: soft

"rescript-shadow-test@workspace:.":
  version: 0.0.0-use.local
  resolution: "rescript-shadow-test@workspace:."
  dependencies:
    rescript: "npm:12.2.0"
  languageName: unknown
  linkType: soft

"rescript@npm:12.2.0":
  version: 12.2.0
  resolution: "rescript@npm:12.2.0"
  dependencies:
    "@rescript/darwin-arm64": "npm:12.2.0"
    "@rescript/darwin-x64": "npm:12.2.0"
    "@rescript/linux-arm64": "npm:12.2.0"
    "@rescript/linux-x64": "npm:12.2.0"
    "@rescript/runtime": "npm:12.2.0"
    "@rescript/win32-x64": "npm:12.2.0"
  dependenciesMeta:
    "@rescript/darwin-arm64":
      optional: true
    "@rescript/darwin-x64":
      optional: true
    "@rescript/linux-arm64":
      optional: true
    "@rescript/linux-x64":
      optional: true
    "@rescript/win32-x64":
      optional: true
  bin:
    bsc: cli/bsc.js
    bstracing: cli/bstracing.js
    rescript: cli/rescript.js
    rescript-legacy: cli/rescript-legacy.js
    rescript-tools: cli/rescript-tools.js
  checksum: 10c0/7650a77a66e2f2ba2523eac54fd930f0b70bad922e9b498678e701e842a56c7b6facd0daf1ef9c7b71d344d9483a0293d17db72a67515a22d07856bdfc34fb46
  languageName: node
  linkType: hard

"src-helpers@workspace:src-helpers":
  version: 0.0.0-use.local
  resolution: "src-helpers@workspace:src-helpers"
  languageName: unknown
  linkType: soft

"test-helpers@workspace:test-helpers":
  version: 0.0.0-use.local
  resolution: "test-helpers@workspace:test-helpers"
  languageName: unknown
  linkType: soft
